// !$*UTF8*$!
{
	archiveVersion = 1;
	classes = {
	};
	objectVersion = 51;
	objects = {

/* Begin PBXBuildFile section */
		A134BA585BBDFD3B2D825F02 /* Pods_Dexter.framework in Frameworks */ = {isa = PBXBuildFile; fileRef = 024756971A4871AB1C77B386 /* Pods_Dexter.framework */; };
		B91313F124496E030074F9C1 /* SidebarCell.swift in Sources */ = {isa = PBXBuildFile; fileRef = B91313F024496E030074F9C1 /* SidebarCell.swift */; };
		B915B007245296B30025BFB2 /* SF-Pro-Display-HeavyItalic.otf in Resources */ = {isa = PBXBuildFile; fileRef = B915B006245296B30025BFB2 /* SF-Pro-Display-HeavyItalic.otf */; };
		B915B0092452985A0025BFB2 /* SF-Pro-Display-MediumItalic.otf in Resources */ = {isa = PBXBuildFile; fileRef = B915B0082452985A0025BFB2 /* SF-Pro-Display-MediumItalic.otf */; };
		B915B00B245298740025BFB2 /* SF-Pro-Display-SemiboldItalic.otf in Resources */ = {isa = PBXBuildFile; fileRef = B915B00A245298730025BFB2 /* SF-Pro-Display-SemiboldItalic.otf */; };
		B915B00E2452E2910025BFB2 /* ChangePasswordViewController.swift in Sources */ = {isa = PBXBuildFile; fileRef = B915B00D2452E2910025BFB2 /* ChangePasswordViewController.swift */; };
		B915B0102454E8940025BFB2 /* AlertController.swift in Sources */ = {isa = PBXBuildFile; fileRef = B915B00F2454E8940025BFB2 /* AlertController.swift */; };
		B918D47123D6A78F00864C94 /* UserContactCell.swift in Sources */ = {isa = PBXBuildFile; fileRef = B918D47023D6A78F00864C94 /* UserContactCell.swift */; };
		B92686EC244BBEC40057A33E /* SidebarViewController.swift in Sources */ = {isa = PBXBuildFile; fileRef = B92686EB244BBEC40057A33E /* SidebarViewController.swift */; };
		B9285B60241463430077F3BD /* SocialHandlesViewController.swift in Sources */ = {isa = PBXBuildFile; fileRef = B9285B5F241463430077F3BD /* SocialHandlesViewController.swift */; };
		B9285B642423368C0077F3BD /* MainTabBarController.swift in Sources */ = {isa = PBXBuildFile; fileRef = B9285B632423368C0077F3BD /* MainTabBarController.swift */; };
		B92B0EB623FE3406008D1933 /* DisplayTextView.swift in Sources */ = {isa = PBXBuildFile; fileRef = B92B0EB523FE3406008D1933 /* DisplayTextView.swift */; };
		B9370D1C2440658A00AD83D2 /* ViewControViewController.swift in Sources */ = {isa = PBXBuildFile; fileRef = B9370D1B2440658A00AD83D2 /* ViewControViewController.swift */; };
		B94AF30723A62F1B008BE764 /* AuthenticationViewController.swift in Sources */ = {isa = PBXBuildFile; fileRef = B94AF30623A62F1B008BE764 /* AuthenticationViewController.swift */; };
		B94AF30923A62FEA008BE764 /* SplashViewController.swift in Sources */ = {isa = PBXBuildFile; fileRef = B94AF30823A62FEA008BE764 /* SplashViewController.swift */; };
		B94AF30C23A63094008BE764 /* SignUpViewController.swift in Sources */ = {isa = PBXBuildFile; fileRef = B94AF30B23A63094008BE764 /* SignUpViewController.swift */; };
		B94AF30E23A630C4008BE764 /* AboutUserViewController.swift in Sources */ = {isa = PBXBuildFile; fileRef = B94AF30D23A630C4008BE764 /* AboutUserViewController.swift */; };
		B94AF31023A6311C008BE764 /* SignInViewController.swift in Sources */ = {isa = PBXBuildFile; fileRef = B94AF30F23A6311C008BE764 /* SignInViewController.swift */; };
		B94AF31223A63196008BE764 /* HomeViewController.swift in Sources */ = {isa = PBXBuildFile; fileRef = B94AF31123A63196008BE764 /* HomeViewController.swift */; };
		B94AF31623A75416008BE764 /* GoogleService-Info.plist in Resources */ = {isa = PBXBuildFile; fileRef = B94AF31523A75416008BE764 /* GoogleService-Info.plist */; };
		B94AF31923A8B942008BE764 /* Render.swift in Sources */ = {isa = PBXBuildFile; fileRef = B94AF31823A8B942008BE764 /* Render.swift */; };
		B94AF31B23A8BB3C008BE764 /* Constants.swift in Sources */ = {isa = PBXBuildFile; fileRef = B94AF31A23A8BB3C008BE764 /* Constants.swift */; };
		B94AF31E23B59AAD008BE764 /* User.swift in Sources */ = {isa = PBXBuildFile; fileRef = B94AF31D23B59AAD008BE764 /* User.swift */; };
		B94AF32023B818F4008BE764 /* DocumentSerializable.swift in Sources */ = {isa = PBXBuildFile; fileRef = B94AF31F23B818F4008BE764 /* DocumentSerializable.swift */; };
		B94AF32423B81940008BE764 /* FirestoreSchema.swift in Sources */ = {isa = PBXBuildFile; fileRef = B94AF32323B81940008BE764 /* FirestoreSchema.swift */; };
		B94B1ACA23A62508001FC054 /* AppDelegate.swift in Sources */ = {isa = PBXBuildFile; fileRef = B94B1AC923A62508001FC054 /* AppDelegate.swift */; };
		B94B1AD123A62508001FC054 /* Main.storyboard in Resources */ = {isa = PBXBuildFile; fileRef = B94B1ACF23A62508001FC054 /* Main.storyboard */; };
		B94B1AD423A62508001FC054 /* Dexter.xcdatamodeld in Sources */ = {isa = PBXBuildFile; fileRef = B94B1AD223A62508001FC054 /* Dexter.xcdatamodeld */; };
		B94B1AD623A6250C001FC054 /* Assets.xcassets in Resources */ = {isa = PBXBuildFile; fileRef = B94B1AD523A6250C001FC054 /* Assets.xcassets */; };
		B94B1AD923A6250D001FC054 /* LaunchScreen.storyboard in Resources */ = {isa = PBXBuildFile; fileRef = B94B1AD723A6250C001FC054 /* LaunchScreen.storyboard */; };
		B94B1AE423A6250D001FC054 /* DexterTests.swift in Sources */ = {isa = PBXBuildFile; fileRef = B94B1AE323A6250D001FC054 /* DexterTests.swift */; };
		B94B1AEF23A6250D001FC054 /* DexterUITests.swift in Sources */ = {isa = PBXBuildFile; fileRef = B94B1AEE23A6250D001FC054 /* DexterUITests.swift */; };
		B955A05323DD30BE0033AD51 /* SettingsViewController.swift in Sources */ = {isa = PBXBuildFile; fileRef = B955A05223DD30BE0033AD51 /* SettingsViewController.swift */; };
		B955A05523DD500E0033AD51 /* Theme.swift in Sources */ = {isa = PBXBuildFile; fileRef = B955A05423DD500E0033AD51 /* Theme.swift */; };
		B969E8B423BB23CE0096AF29 /* UserModelController.swift in Sources */ = {isa = PBXBuildFile; fileRef = B969E8B323BB23CD0096AF29 /* UserModelController.swift */; };
		B97ADC5423FA8CA400AB27AE /* NewYorkMedium-Heavy.otf in Resources */ = {isa = PBXBuildFile; fileRef = B97ADC2423FA8C9D00AB27AE /* NewYorkMedium-Heavy.otf */; };
		B97ADC5523FA8CA400AB27AE /* NewYorkExtraLarge-Semibold.otf in Resources */ = {isa = PBXBuildFile; fileRef = B97ADC2523FA8C9D00AB27AE /* NewYorkExtraLarge-Semibold.otf */; };
		B97ADCC623FA8CE100AB27AE /* SF-Pro-Display-Semibold.otf in Resources */ = {isa = PBXBuildFile; fileRef = B97ADC9923FA8CD900AB27AE /* SF-Pro-Display-Semibold.otf */; };
		B97ADCCA23FA8CE100AB27AE /* SF-Pro-Display-RegularItalic.otf in Resources */ = {isa = PBXBuildFile; fileRef = B97ADC9D23FA8CDA00AB27AE /* SF-Pro-Display-RegularItalic.otf */; };
		B97ADCDB23FA8CE100AB27AE /* SF-Pro-Display-Medium.otf in Resources */ = {isa = PBXBuildFile; fileRef = B97ADCAE23FA8CDD00AB27AE /* SF-Pro-Display-Medium.otf */; };
		B97ADCE623FA8CE100AB27AE /* SF-Pro-Display-Regular.otf in Resources */ = {isa = PBXBuildFile; fileRef = B97ADCB923FA8CDE00AB27AE /* SF-Pro-Display-Regular.otf */; };
		B97ADCEB23FA8CE100AB27AE /* SF-Pro-Display-Heavy.otf in Resources */ = {isa = PBXBuildFile; fileRef = B97ADCBE23FA8CDF00AB27AE /* SF-Pro-Display-Heavy.otf */; };
		B98148C124031D32005E0429 /* TableViewExtensions.swift in Sources */ = {isa = PBXBuildFile; fileRef = B98148C024031D32005E0429 /* TableViewExtensions.swift */; };
		B9A087B82427F41000ADC5E3 /* SelectPhotoHelper.swift in Sources */ = {isa = PBXBuildFile; fileRef = B9A087B72427F41000ADC5E3 /* SelectPhotoHelper.swift */; };
		B9A087BC2429F6D200ADC5E3 /* Podfile in Resources */ = {isa = PBXBuildFile; fileRef = B9A087BB2429F6D200ADC5E3 /* Podfile */; };
		B9B548EE23D063D100D69C38 /* SceneDelegate.swift in Sources */ = {isa = PBXBuildFile; fileRef = B9B548ED23D063D100D69C38 /* SceneDelegate.swift */; };
		B9E589B224345A1900274A4E /* ExternalAccessory.framework in Frameworks */ = {isa = PBXBuildFile; fileRef = B9E589B124345A1900274A4E /* ExternalAccessory.framework */; };
		B9E589B424345A2600274A4E /* AudioToolbox.framework in Frameworks */ = {isa = PBXBuildFile; fileRef = B9E589B324345A2600274A4E /* AudioToolbox.framework */; };
		B9E58A0F243D841E00274A4E /* TransferService.swift in Sources */ = {isa = PBXBuildFile; fileRef = B9E58A0E243D841D00274A4E /* TransferService.swift */; };
		B9E58A13243E923600274A4E /* BluetoothManager.swift in Sources */ = {isa = PBXBuildFile; fileRef = B9E58A12243E923600274A4E /* BluetoothManager.swift */; };
		B9E58A15243E934900274A4E /* CoreBluetoothManager.swift in Sources */ = {isa = PBXBuildFile; fileRef = B9E58A14243E934900274A4E /* CoreBluetoothManager.swift */; };
		B9EB16CD23CDA16B00757817 /* DiscoveryToggleButton.swift in Sources */ = {isa = PBXBuildFile; fileRef = B9EB16CC23CDA16B00757817 /* DiscoveryToggleButton.swift */; };
		B9EC9BCA23FE845D00C26055 /* UserProfileViewController.swift in Sources */ = {isa = PBXBuildFile; fileRef = B9EC9BC923FE845D00C26055 /* UserProfileViewController.swift */; };
		B9EC9BD023FE9E9A00C26055 /* DiscoveryNavigationController.swift in Sources */ = {isa = PBXBuildFile; fileRef = B9EC9BCF23FE9E9900C26055 /* DiscoveryNavigationController.swift */; };
		C01D3435A703BEE83826DF27 /* Pods_Dexter_DexterUITests.framework in Frameworks */ = {isa = PBXBuildFile; fileRef = 914E3E3B0F123400FE985E05 /* Pods_Dexter_DexterUITests.framework */; };
		D37EBDD3ADF66E5D3086A3DF /* Pods_DexterTests.framework in Frameworks */ = {isa = PBXBuildFile; fileRef = 0585BACD8D793A88805E5F93 /* Pods_DexterTests.framework */; };
/* End PBXBuildFile section */

/* Begin PBXContainerItemProxy section */
		B94B1AE023A6250D001FC054 /* PBXContainerItemProxy */ = {
			isa = PBXContainerItemProxy;
			containerPortal = B94B1ABE23A62507001FC054 /* Project object */;
			proxyType = 1;
			remoteGlobalIDString = B94B1AC523A62507001FC054;
			remoteInfo = Dexter;
		};
		B94B1AEB23A6250D001FC054 /* PBXContainerItemProxy */ = {
			isa = PBXContainerItemProxy;
			containerPortal = B94B1ABE23A62507001FC054 /* Project object */;
			proxyType = 1;
			remoteGlobalIDString = B94B1AC523A62507001FC054;
			remoteInfo = Dexter;
		};
/* End PBXContainerItemProxy section */

/* Begin PBXFileReference section */
		024756971A4871AB1C77B386 /* Pods_Dexter.framework */ = {isa = PBXFileReference; explicitFileType = wrapper.framework; includeInIndex = 0; path = Pods_Dexter.framework; sourceTree = BUILT_PRODUCTS_DIR; };
		0585BACD8D793A88805E5F93 /* Pods_DexterTests.framework */ = {isa = PBXFileReference; explicitFileType = wrapper.framework; includeInIndex = 0; path = Pods_DexterTests.framework; sourceTree = BUILT_PRODUCTS_DIR; };
		120666297D6664C1CF435087 /* Pods-DexterTests.debug.xcconfig */ = {isa = PBXFileReference; includeInIndex = 1; lastKnownFileType = text.xcconfig; name = "Pods-DexterTests.debug.xcconfig"; path = "Target Support Files/Pods-DexterTests/Pods-DexterTests.debug.xcconfig"; sourceTree = "<group>"; };
		914E3E3B0F123400FE985E05 /* Pods_Dexter_DexterUITests.framework */ = {isa = PBXFileReference; explicitFileType = wrapper.framework; includeInIndex = 0; path = Pods_Dexter_DexterUITests.framework; sourceTree = BUILT_PRODUCTS_DIR; };
		935E1A049854730B0EC1EA64 /* Pods-DexterTests.release.xcconfig */ = {isa = PBXFileReference; includeInIndex = 1; lastKnownFileType = text.xcconfig; name = "Pods-DexterTests.release.xcconfig"; path = "Target Support Files/Pods-DexterTests/Pods-DexterTests.release.xcconfig"; sourceTree = "<group>"; };
		A9773E441D1366E90A15E6CC /* Pods-Dexter.release.xcconfig */ = {isa = PBXFileReference; includeInIndex = 1; lastKnownFileType = text.xcconfig; name = "Pods-Dexter.release.xcconfig"; path = "Target Support Files/Pods-Dexter/Pods-Dexter.release.xcconfig"; sourceTree = "<group>"; };
		AAE5A4C925C2107F166030C0 /* Pods-Dexter-DexterUITests.release.xcconfig */ = {isa = PBXFileReference; includeInIndex = 1; lastKnownFileType = text.xcconfig; name = "Pods-Dexter-DexterUITests.release.xcconfig"; path = "Target Support Files/Pods-Dexter-DexterUITests/Pods-Dexter-DexterUITests.release.xcconfig"; sourceTree = "<group>"; };
		B90D685023FFA93F00BC06E8 /* GTMSessionFetcher.framework */ = {isa = PBXFileReference; explicitFileType = wrapper.framework; path = GTMSessionFetcher.framework; sourceTree = BUILT_PRODUCTS_DIR; };
		B90D685423FFAB4900BC06E8 /* GTMSessionFetcher.framework */ = {isa = PBXFileReference; explicitFileType = wrapper.framework; path = GTMSessionFetcher.framework; sourceTree = BUILT_PRODUCTS_DIR; };
		B91313F024496E030074F9C1 /* SidebarCell.swift */ = {isa = PBXFileReference; lastKnownFileType = sourcecode.swift; path = SidebarCell.swift; sourceTree = "<group>"; };
		B915B006245296B30025BFB2 /* SF-Pro-Display-HeavyItalic.otf */ = {isa = PBXFileReference; lastKnownFileType = file; path = "SF-Pro-Display-HeavyItalic.otf"; sourceTree = "<group>"; };
		B915B0082452985A0025BFB2 /* SF-Pro-Display-MediumItalic.otf */ = {isa = PBXFileReference; lastKnownFileType = file; path = "SF-Pro-Display-MediumItalic.otf"; sourceTree = "<group>"; };
		B915B00A245298730025BFB2 /* SF-Pro-Display-SemiboldItalic.otf */ = {isa = PBXFileReference; lastKnownFileType = file; path = "SF-Pro-Display-SemiboldItalic.otf"; sourceTree = "<group>"; };
		B915B00D2452E2910025BFB2 /* ChangePasswordViewController.swift */ = {isa = PBXFileReference; lastKnownFileType = sourcecode.swift; path = ChangePasswordViewController.swift; sourceTree = "<group>"; };
		B915B00F2454E8940025BFB2 /* AlertController.swift */ = {isa = PBXFileReference; lastKnownFileType = sourcecode.swift; path = AlertController.swift; sourceTree = "<group>"; };
		B918D47023D6A78F00864C94 /* UserContactCell.swift */ = {isa = PBXFileReference; lastKnownFileType = sourcecode.swift; path = UserContactCell.swift; sourceTree = "<group>"; };
		B92686EB244BBEC40057A33E /* SidebarViewController.swift */ = {isa = PBXFileReference; lastKnownFileType = sourcecode.swift; path = SidebarViewController.swift; sourceTree = "<group>"; };
		B9285B5F241463430077F3BD /* SocialHandlesViewController.swift */ = {isa = PBXFileReference; fileEncoding = 4; lastKnownFileType = sourcecode.swift; path = SocialHandlesViewController.swift; sourceTree = "<group>"; };
		B9285B632423368C0077F3BD /* MainTabBarController.swift */ = {isa = PBXFileReference; lastKnownFileType = sourcecode.swift; path = MainTabBarController.swift; sourceTree = "<group>"; };
		B92B0EB523FE3406008D1933 /* DisplayTextView.swift */ = {isa = PBXFileReference; lastKnownFileType = sourcecode.swift; path = DisplayTextView.swift; sourceTree = "<group>"; };
		B9370D1B2440658A00AD83D2 /* ViewControViewController.swift */ = {isa = PBXFileReference; lastKnownFileType = sourcecode.swift; path = ViewControViewController.swift; sourceTree = "<group>"; };
		B94AF30623A62F1B008BE764 /* AuthenticationViewController.swift */ = {isa = PBXFileReference; lastKnownFileType = sourcecode.swift; path = AuthenticationViewController.swift; sourceTree = "<group>"; };
		B94AF30823A62FEA008BE764 /* SplashViewController.swift */ = {isa = PBXFileReference; lastKnownFileType = sourcecode.swift; path = SplashViewController.swift; sourceTree = "<group>"; };
		B94AF30B23A63094008BE764 /* SignUpViewController.swift */ = {isa = PBXFileReference; lastKnownFileType = sourcecode.swift; path = SignUpViewController.swift; sourceTree = "<group>"; };
		B94AF30D23A630C4008BE764 /* AboutUserViewController.swift */ = {isa = PBXFileReference; lastKnownFileType = sourcecode.swift; path = AboutUserViewController.swift; sourceTree = "<group>"; };
		B94AF30F23A6311C008BE764 /* SignInViewController.swift */ = {isa = PBXFileReference; lastKnownFileType = sourcecode.swift; path = SignInViewController.swift; sourceTree = "<group>"; };
		B94AF31123A63196008BE764 /* HomeViewController.swift */ = {isa = PBXFileReference; lastKnownFileType = sourcecode.swift; path = HomeViewController.swift; sourceTree = "<group>"; };
		B94AF31523A75416008BE764 /* GoogleService-Info.plist */ = {isa = PBXFileReference; fileEncoding = 4; lastKnownFileType = text.plist.xml; path = "GoogleService-Info.plist"; sourceTree = "<group>"; };
		B94AF31823A8B942008BE764 /* Render.swift */ = {isa = PBXFileReference; lastKnownFileType = sourcecode.swift; path = Render.swift; sourceTree = "<group>"; };
		B94AF31A23A8BB3C008BE764 /* Constants.swift */ = {isa = PBXFileReference; lastKnownFileType = sourcecode.swift; path = Constants.swift; sourceTree = "<group>"; };
		B94AF31D23B59AAD008BE764 /* User.swift */ = {isa = PBXFileReference; lastKnownFileType = sourcecode.swift; path = User.swift; sourceTree = "<group>"; };
		B94AF31F23B818F4008BE764 /* DocumentSerializable.swift */ = {isa = PBXFileReference; lastKnownFileType = sourcecode.swift; path = DocumentSerializable.swift; sourceTree = "<group>"; };
		B94AF32323B81940008BE764 /* FirestoreSchema.swift */ = {isa = PBXFileReference; lastKnownFileType = sourcecode.swift; path = FirestoreSchema.swift; sourceTree = "<group>"; };
		B94B1AC623A62508001FC054 /* Dexter.app */ = {isa = PBXFileReference; explicitFileType = wrapper.application; includeInIndex = 0; path = Dexter.app; sourceTree = BUILT_PRODUCTS_DIR; };
		B94B1AC923A62508001FC054 /* AppDelegate.swift */ = {isa = PBXFileReference; lastKnownFileType = sourcecode.swift; path = AppDelegate.swift; sourceTree = "<group>"; };
		B94B1AD023A62508001FC054 /* Base */ = {isa = PBXFileReference; lastKnownFileType = file.storyboard; name = Base; path = Base.lproj/Main.storyboard; sourceTree = "<group>"; };
		B94B1AD323A62508001FC054 /* Dexter.xcdatamodel */ = {isa = PBXFileReference; lastKnownFileType = wrapper.xcdatamodel; path = Dexter.xcdatamodel; sourceTree = "<group>"; };
		B94B1AD523A6250C001FC054 /* Assets.xcassets */ = {isa = PBXFileReference; lastKnownFileType = folder.assetcatalog; path = Assets.xcassets; sourceTree = "<group>"; };
		B94B1AD823A6250C001FC054 /* Base */ = {isa = PBXFileReference; lastKnownFileType = file.storyboard; name = Base; path = Base.lproj/LaunchScreen.storyboard; sourceTree = "<group>"; };
		B94B1ADA23A6250D001FC054 /* Info.plist */ = {isa = PBXFileReference; lastKnownFileType = text.plist.xml; path = Info.plist; sourceTree = "<group>"; };
		B94B1ADF23A6250D001FC054 /* DexterTests.xctest */ = {isa = PBXFileReference; explicitFileType = wrapper.cfbundle; includeInIndex = 0; path = DexterTests.xctest; sourceTree = BUILT_PRODUCTS_DIR; };
		B94B1AE323A6250D001FC054 /* DexterTests.swift */ = {isa = PBXFileReference; lastKnownFileType = sourcecode.swift; path = DexterTests.swift; sourceTree = "<group>"; };
		B94B1AE523A6250D001FC054 /* Info.plist */ = {isa = PBXFileReference; lastKnownFileType = text.plist.xml; path = Info.plist; sourceTree = "<group>"; };
		B94B1AEA23A6250D001FC054 /* DexterUITests.xctest */ = {isa = PBXFileReference; explicitFileType = wrapper.cfbundle; includeInIndex = 0; path = DexterUITests.xctest; sourceTree = BUILT_PRODUCTS_DIR; };
		B94B1AEE23A6250D001FC054 /* DexterUITests.swift */ = {isa = PBXFileReference; lastKnownFileType = sourcecode.swift; path = DexterUITests.swift; sourceTree = "<group>"; };
		B94B1AF023A6250D001FC054 /* Info.plist */ = {isa = PBXFileReference; lastKnownFileType = text.plist.xml; path = Info.plist; sourceTree = "<group>"; };
		B955A05223DD30BE0033AD51 /* SettingsViewController.swift */ = {isa = PBXFileReference; lastKnownFileType = sourcecode.swift; path = SettingsViewController.swift; sourceTree = "<group>"; };
		B955A05423DD500E0033AD51 /* Theme.swift */ = {isa = PBXFileReference; lastKnownFileType = sourcecode.swift; path = Theme.swift; sourceTree = "<group>"; };
		B969E8B323BB23CD0096AF29 /* UserModelController.swift */ = {isa = PBXFileReference; lastKnownFileType = sourcecode.swift; path = UserModelController.swift; sourceTree = "<group>"; };
		B97ADC2423FA8C9D00AB27AE /* NewYorkMedium-Heavy.otf */ = {isa = PBXFileReference; lastKnownFileType = file; name = "NewYorkMedium-Heavy.otf"; path = "Dexter/Fonts/NewYorkMedium-Heavy.otf"; sourceTree = SOURCE_ROOT; };
		B97ADC2523FA8C9D00AB27AE /* NewYorkExtraLarge-Semibold.otf */ = {isa = PBXFileReference; lastKnownFileType = file; path = "NewYorkExtraLarge-Semibold.otf"; sourceTree = "<group>"; };
		B97ADC9923FA8CD900AB27AE /* SF-Pro-Display-Semibold.otf */ = {isa = PBXFileReference; lastKnownFileType = file; path = "SF-Pro-Display-Semibold.otf"; sourceTree = "<group>"; };
		B97ADC9D23FA8CDA00AB27AE /* SF-Pro-Display-RegularItalic.otf */ = {isa = PBXFileReference; lastKnownFileType = file; path = "SF-Pro-Display-RegularItalic.otf"; sourceTree = "<group>"; };
		B97ADCAE23FA8CDD00AB27AE /* SF-Pro-Display-Medium.otf */ = {isa = PBXFileReference; lastKnownFileType = file; path = "SF-Pro-Display-Medium.otf"; sourceTree = "<group>"; };
		B97ADCB923FA8CDE00AB27AE /* SF-Pro-Display-Regular.otf */ = {isa = PBXFileReference; lastKnownFileType = file; path = "SF-Pro-Display-Regular.otf"; sourceTree = "<group>"; };
		B97ADCBE23FA8CDF00AB27AE /* SF-Pro-Display-Heavy.otf */ = {isa = PBXFileReference; lastKnownFileType = file; path = "SF-Pro-Display-Heavy.otf"; sourceTree = "<group>"; };
		B98148C024031D32005E0429 /* TableViewExtensions.swift */ = {isa = PBXFileReference; lastKnownFileType = sourcecode.swift; path = TableViewExtensions.swift; sourceTree = "<group>"; };
		B9A087B72427F41000ADC5E3 /* SelectPhotoHelper.swift */ = {isa = PBXFileReference; lastKnownFileType = sourcecode.swift; path = SelectPhotoHelper.swift; sourceTree = "<group>"; };
		B9A087BB2429F6D200ADC5E3 /* Podfile */ = {isa = PBXFileReference; fileEncoding = 4; lastKnownFileType = text; path = Podfile; sourceTree = "<group>"; };
		B9B548EA23CDB22700D69C38 /* imports.h */ = {isa = PBXFileReference; lastKnownFileType = sourcecode.c.h; path = imports.h; sourceTree = "<group>"; };
		B9B548ED23D063D100D69C38 /* SceneDelegate.swift */ = {isa = PBXFileReference; fileEncoding = 4; lastKnownFileType = sourcecode.swift; name = SceneDelegate.swift; path = "Dexter/Supporting Files/SceneDelegate.swift"; sourceTree = SOURCE_ROOT; };
		B9E589B124345A1900274A4E /* ExternalAccessory.framework */ = {isa = PBXFileReference; lastKnownFileType = wrapper.framework; name = ExternalAccessory.framework; path = System/Library/Frameworks/ExternalAccessory.framework; sourceTree = SDKROOT; };
		B9E589B324345A2600274A4E /* AudioToolbox.framework */ = {isa = PBXFileReference; lastKnownFileType = wrapper.framework; name = AudioToolbox.framework; path = System/Library/Frameworks/AudioToolbox.framework; sourceTree = SDKROOT; };
		B9E58A0E243D841D00274A4E /* TransferService.swift */ = {isa = PBXFileReference; lastKnownFileType = sourcecode.swift; path = TransferService.swift; sourceTree = "<group>"; };
		B9E58A12243E923600274A4E /* BluetoothManager.swift */ = {isa = PBXFileReference; lastKnownFileType = sourcecode.swift; path = BluetoothManager.swift; sourceTree = "<group>"; };
		B9E58A14243E934900274A4E /* CoreBluetoothManager.swift */ = {isa = PBXFileReference; lastKnownFileType = sourcecode.swift; path = CoreBluetoothManager.swift; sourceTree = "<group>"; };
		B9E58A17243EE5F700274A4E /* Dexter.entitlements */ = {isa = PBXFileReference; fileEncoding = 4; lastKnownFileType = text.plist.entitlements; path = Dexter.entitlements; sourceTree = "<group>"; };
		B9EB16CC23CDA16B00757817 /* DiscoveryToggleButton.swift */ = {isa = PBXFileReference; lastKnownFileType = sourcecode.swift; path = DiscoveryToggleButton.swift; sourceTree = "<group>"; };
		B9EC9BC923FE845D00C26055 /* UserProfileViewController.swift */ = {isa = PBXFileReference; lastKnownFileType = sourcecode.swift; path = UserProfileViewController.swift; sourceTree = "<group>"; };
		B9EC9BCF23FE9E9900C26055 /* DiscoveryNavigationController.swift */ = {isa = PBXFileReference; fileEncoding = 4; lastKnownFileType = sourcecode.swift; path = DiscoveryNavigationController.swift; sourceTree = "<group>"; };
		D9C748D317196434FFC0918A /* Pods-Dexter-DexterUITests.debug.xcconfig */ = {isa = PBXFileReference; includeInIndex = 1; lastKnownFileType = text.xcconfig; name = "Pods-Dexter-DexterUITests.debug.xcconfig"; path = "Target Support Files/Pods-Dexter-DexterUITests/Pods-Dexter-DexterUITests.debug.xcconfig"; sourceTree = "<group>"; };
		E715ADBDEED75C04A2456CD5 /* Pods-Dexter.debug.xcconfig */ = {isa = PBXFileReference; includeInIndex = 1; lastKnownFileType = text.xcconfig; name = "Pods-Dexter.debug.xcconfig"; path = "Target Support Files/Pods-Dexter/Pods-Dexter.debug.xcconfig"; sourceTree = "<group>"; };
/* End PBXFileReference section */

/* Begin PBXFrameworksBuildPhase section */
		B94B1AC323A62507001FC054 /* Frameworks */ = {
			isa = PBXFrameworksBuildPhase;
			buildActionMask = 2147483647;
			files = (
				B9E589B224345A1900274A4E /* ExternalAccessory.framework in Frameworks */,
				A134BA585BBDFD3B2D825F02 /* Pods_Dexter.framework in Frameworks */,
				B9E589B424345A2600274A4E /* AudioToolbox.framework in Frameworks */,
			);
			runOnlyForDeploymentPostprocessing = 0;
		};
		B94B1ADC23A6250D001FC054 /* Frameworks */ = {
			isa = PBXFrameworksBuildPhase;
			buildActionMask = 2147483647;
			files = (
				D37EBDD3ADF66E5D3086A3DF /* Pods_DexterTests.framework in Frameworks */,
			);
			runOnlyForDeploymentPostprocessing = 0;
		};
		B94B1AE723A6250D001FC054 /* Frameworks */ = {
			isa = PBXFrameworksBuildPhase;
			buildActionMask = 2147483647;
			files = (
				C01D3435A703BEE83826DF27 /* Pods_Dexter_DexterUITests.framework in Frameworks */,
			);
			runOnlyForDeploymentPostprocessing = 0;
		};
/* End PBXFrameworksBuildPhase section */

/* Begin PBXGroup section */
		0CE9F7A1BBA3918C8635EF08 /* Pods */ = {
			isa = PBXGroup;
			children = (
				E715ADBDEED75C04A2456CD5 /* Pods-Dexter.debug.xcconfig */,
				A9773E441D1366E90A15E6CC /* Pods-Dexter.release.xcconfig */,
				D9C748D317196434FFC0918A /* Pods-Dexter-DexterUITests.debug.xcconfig */,
				AAE5A4C925C2107F166030C0 /* Pods-Dexter-DexterUITests.release.xcconfig */,
				120666297D6664C1CF435087 /* Pods-DexterTests.debug.xcconfig */,
				935E1A049854730B0EC1EA64 /* Pods-DexterTests.release.xcconfig */,
			);
			path = Pods;
			sourceTree = "<group>";
		};
		B915B00C2452E2330025BFB2 /* Sidebar */ = {
			isa = PBXGroup;
			children = (
				B92686EB244BBEC40057A33E /* SidebarViewController.swift */,
				B955A05223DD30BE0033AD51 /* SettingsViewController.swift */,
				B915B00D2452E2910025BFB2 /* ChangePasswordViewController.swift */,
			);
			path = Sidebar;
			sourceTree = "<group>";
		};
		B94AF30A23A62FF1008BE764 /* Authentication */ = {
			isa = PBXGroup;
			children = (
				B94AF30623A62F1B008BE764 /* AuthenticationViewController.swift */,
				B94AF30F23A6311C008BE764 /* SignInViewController.swift */,
				B94AF30B23A63094008BE764 /* SignUpViewController.swift */,
				B94AF30D23A630C4008BE764 /* AboutUserViewController.swift */,
				B9285B5F241463430077F3BD /* SocialHandlesViewController.swift */,
				B9370D1B2440658A00AD83D2 /* ViewControViewController.swift */,
			);
			path = Authentication;
			sourceTree = "<group>";
		};
		B94AF31723A8B8DA008BE764 /* Helpers */ = {
			isa = PBXGroup;
			children = (
				B9E58A12243E923600274A4E /* BluetoothManager.swift */,
				B9E58A14243E934900274A4E /* CoreBluetoothManager.swift */,
				B9A087B72427F41000ADC5E3 /* SelectPhotoHelper.swift */,
				B94AF32323B81940008BE764 /* FirestoreSchema.swift */,
				B94AF31823A8B942008BE764 /* Render.swift */,
				B94AF31A23A8BB3C008BE764 /* Constants.swift */,
				B955A05423DD500E0033AD51 /* Theme.swift */,
				B9E58A0E243D841D00274A4E /* TransferService.swift */,
			);
			path = Helpers;
			sourceTree = "<group>";
		};
		B94AF31C23B59A51008BE764 /* Models */ = {
			isa = PBXGroup;
			children = (
				B94AF31F23B818F4008BE764 /* DocumentSerializable.swift */,
				B94AF31D23B59AAD008BE764 /* User.swift */,
			);
			path = Models;
			sourceTree = "<group>";
		};
		B94B1ABD23A62507001FC054 = {
			isa = PBXGroup;
			children = (
				B9E58A17243EE5F700274A4E /* Dexter.entitlements */,
				B94B1AC823A62508001FC054 /* Dexter */,
				B94B1AE223A6250D001FC054 /* DexterTests */,
				B94B1AED23A6250D001FC054 /* DexterUITests */,
				B94B1AC723A62508001FC054 /* Products */,
				0CE9F7A1BBA3918C8635EF08 /* Pods */,
				D89C8A3CE6FDD398E3609D1C /* Frameworks */,
			);
			sourceTree = "<group>";
		};
		B94B1AC723A62508001FC054 /* Products */ = {
			isa = PBXGroup;
			children = (
				B94B1AC623A62508001FC054 /* Dexter.app */,
				B94B1ADF23A6250D001FC054 /* DexterTests.xctest */,
				B94B1AEA23A6250D001FC054 /* DexterUITests.xctest */,
			);
			name = Products;
			sourceTree = "<group>";
		};
		B94B1AC823A62508001FC054 /* Dexter */ = {
			isa = PBXGroup;
			children = (
				B97ADC2023FA8C7000AB27AE /* Fonts */,
				B94B1ACF23A62508001FC054 /* Main.storyboard */,
				B94AF30823A62FEA008BE764 /* SplashViewController.swift */,
				B9EC9BCF23FE9E9900C26055 /* DiscoveryNavigationController.swift */,
				B94AF30A23A62FF1008BE764 /* Authentication */,
				B9285B632423368C0077F3BD /* MainTabBarController.swift */,
				B94AF31123A63196008BE764 /* HomeViewController.swift */,
				B9EC9BC923FE845D00C26055 /* UserProfileViewController.swift */,
				B915B00C2452E2330025BFB2 /* Sidebar */,
				B955A05A23E161080033AD51 /* Views */,
				B969E8B523BB4ADA0096AF29 /* ModelControllers */,
				B94AF31C23B59A51008BE764 /* Models */,
				B94AF31723A8B8DA008BE764 /* Helpers */,
				B94ED83F23F09DE400423D6A /* Supporting Files */,
				B94B1AD223A62508001FC054 /* Dexter.xcdatamodeld */,
				B94B1ADA23A6250D001FC054 /* Info.plist */,
				B9B548EA23CDB22700D69C38 /* imports.h */,
			);
			path = Dexter;
			sourceTree = "<group>";
		};
		B94B1AE223A6250D001FC054 /* DexterTests */ = {
			isa = PBXGroup;
			children = (
				B94B1AE323A6250D001FC054 /* DexterTests.swift */,
				B94B1AE523A6250D001FC054 /* Info.plist */,
			);
			path = DexterTests;
			sourceTree = "<group>";
		};
		B94B1AED23A6250D001FC054 /* DexterUITests */ = {
			isa = PBXGroup;
			children = (
				B94B1AEE23A6250D001FC054 /* DexterUITests.swift */,
				B94B1AF023A6250D001FC054 /* Info.plist */,
			);
			path = DexterUITests;
			sourceTree = "<group>";
		};
		B94ED83F23F09DE400423D6A /* Supporting Files */ = {
			isa = PBXGroup;
			children = (
				B9A087BB2429F6D200ADC5E3 /* Podfile */,
				B94B1AC923A62508001FC054 /* AppDelegate.swift */,
				B94B1AD523A6250C001FC054 /* Assets.xcassets */,
				B94B1AD723A6250C001FC054 /* LaunchScreen.storyboard */,
				B9B548ED23D063D100D69C38 /* SceneDelegate.swift */,
				B94AF31523A75416008BE764 /* GoogleService-Info.plist */,
			);
			path = "Supporting Files";
			sourceTree = "<group>";
		};
		B955A05A23E161080033AD51 /* Views */ = {
			isa = PBXGroup;
			children = (
				B9EB16CC23CDA16B00757817 /* DiscoveryToggleButton.swift */,
				B92B0EB523FE3406008D1933 /* DisplayTextView.swift */,
				B98148C024031D32005E0429 /* TableViewExtensions.swift */,
				B918D47023D6A78F00864C94 /* UserContactCell.swift */,
				B91313F024496E030074F9C1 /* SidebarCell.swift */,
				B915B00F2454E8940025BFB2 /* AlertController.swift */,
			);
			path = Views;
			sourceTree = "<group>";
		};
		B969E8B523BB4ADA0096AF29 /* ModelControllers */ = {
			isa = PBXGroup;
			children = (
				B969E8B323BB23CD0096AF29 /* UserModelController.swift */,
			);
			path = ModelControllers;
			sourceTree = "<group>";
		};
		B97ADC2023FA8C7000AB27AE /* Fonts */ = {
			isa = PBXGroup;
			children = (
				B97ADC9923FA8CD900AB27AE /* SF-Pro-Display-Semibold.otf */,
				B97ADCB923FA8CDE00AB27AE /* SF-Pro-Display-Regular.otf */,
				B97ADCAE23FA8CDD00AB27AE /* SF-Pro-Display-Medium.otf */,
				B97ADCBE23FA8CDF00AB27AE /* SF-Pro-Display-Heavy.otf */,
				B97ADC9D23FA8CDA00AB27AE /* SF-Pro-Display-RegularItalic.otf */,
				B915B0082452985A0025BFB2 /* SF-Pro-Display-MediumItalic.otf */,
				B915B00A245298730025BFB2 /* SF-Pro-Display-SemiboldItalic.otf */,
				B915B006245296B30025BFB2 /* SF-Pro-Display-HeavyItalic.otf */,
				B97ADC2423FA8C9D00AB27AE /* NewYorkMedium-Heavy.otf */,
				B97ADC2523FA8C9D00AB27AE /* NewYorkExtraLarge-Semibold.otf */,
			);
			path = Fonts;
			sourceTree = "<group>";
		};
		D89C8A3CE6FDD398E3609D1C /* Frameworks */ = {
			isa = PBXGroup;
			children = (
				B9E589B324345A2600274A4E /* AudioToolbox.framework */,
				B9E589B124345A1900274A4E /* ExternalAccessory.framework */,
				B90D685423FFAB4900BC06E8 /* GTMSessionFetcher.framework */,
				B90D685023FFA93F00BC06E8 /* GTMSessionFetcher.framework */,
				024756971A4871AB1C77B386 /* Pods_Dexter.framework */,
				914E3E3B0F123400FE985E05 /* Pods_Dexter_DexterUITests.framework */,
				0585BACD8D793A88805E5F93 /* Pods_DexterTests.framework */,
			);
			name = Frameworks;
			sourceTree = "<group>";
		};
/* End PBXGroup section */

/* Begin PBXNativeTarget section */
		B94B1AC523A62507001FC054 /* Dexter */ = {
			isa = PBXNativeTarget;
			buildConfigurationList = B94B1AF323A6250D001FC054 /* Build configuration list for PBXNativeTarget "Dexter" */;
			buildPhases = (
				4BD494E3B57D2A8FE5FF072F /* [CP] Check Pods Manifest.lock */,
				B94B1AC223A62507001FC054 /* Sources */,
				B94B1AC323A62507001FC054 /* Frameworks */,
				B94B1AC423A62507001FC054 /* Resources */,
				D81F5043FE1FEFC6F8D4BE4C /* [CP] Copy Pods Resources */,
				FC84ADD550DC7281D3A70849 /* [CP] Embed Pods Frameworks */,
			);
			buildRules = (
			);
			dependencies = (
			);
			name = Dexter;
			productName = Dexter;
			productReference = B94B1AC623A62508001FC054 /* Dexter.app */;
			productType = "com.apple.product-type.application";
		};
		B94B1ADE23A6250D001FC054 /* DexterTests */ = {
			isa = PBXNativeTarget;
			buildConfigurationList = B94B1AF623A6250D001FC054 /* Build configuration list for PBXNativeTarget "DexterTests" */;
			buildPhases = (
				B1FCB602562610F45016079A /* [CP] Check Pods Manifest.lock */,
				B94B1ADB23A6250D001FC054 /* Sources */,
				B94B1ADC23A6250D001FC054 /* Frameworks */,
				B94B1ADD23A6250D001FC054 /* Resources */,
			);
			buildRules = (
			);
			dependencies = (
				B94B1AE123A6250D001FC054 /* PBXTargetDependency */,
			);
			name = DexterTests;
			productName = DexterTests;
			productReference = B94B1ADF23A6250D001FC054 /* DexterTests.xctest */;
			productType = "com.apple.product-type.bundle.unit-test";
		};
		B94B1AE923A6250D001FC054 /* DexterUITests */ = {
			isa = PBXNativeTarget;
			buildConfigurationList = B94B1AF923A6250D001FC054 /* Build configuration list for PBXNativeTarget "DexterUITests" */;
			buildPhases = (
				58C5068F69A6CAA13730CE0C /* [CP] Check Pods Manifest.lock */,
				B94B1AE623A6250D001FC054 /* Sources */,
				B94B1AE723A6250D001FC054 /* Frameworks */,
				B94B1AE823A6250D001FC054 /* Resources */,
				62A8697A2852C9DE47EAF9C6 /* [CP] Copy Pods Resources */,
				6141512773DBC7AD9813F490 /* [CP] Embed Pods Frameworks */,
			);
			buildRules = (
			);
			dependencies = (
				B94B1AEC23A6250D001FC054 /* PBXTargetDependency */,
			);
			name = DexterUITests;
			productName = DexterUITests;
			productReference = B94B1AEA23A6250D001FC054 /* DexterUITests.xctest */;
			productType = "com.apple.product-type.bundle.ui-testing";
		};
/* End PBXNativeTarget section */

/* Begin PBXProject section */
		B94B1ABE23A62507001FC054 /* Project object */ = {
			isa = PBXProject;
			attributes = {
				LastSwiftUpdateCheck = 1120;
				LastUpgradeCheck = 1120;
				ORGANIZATIONNAME = "Sunchit Anand";
				TargetAttributes = {
					B94B1AC523A62507001FC054 = {
						CreatedOnToolsVersion = 11.2.1;
					};
					B94B1ADE23A6250D001FC054 = {
						CreatedOnToolsVersion = 11.2.1;
						TestTargetID = B94B1AC523A62507001FC054;
					};
					B94B1AE923A6250D001FC054 = {
						CreatedOnToolsVersion = 11.2.1;
						TestTargetID = B94B1AC523A62507001FC054;
					};
				};
			};
			buildConfigurationList = B94B1AC123A62507001FC054 /* Build configuration list for PBXProject "Dexter" */;
			compatibilityVersion = "Xcode 9.3";
			developmentRegion = en;
			hasScannedForEncodings = 0;
			knownRegions = (
				en,
				Base,
			);
			mainGroup = B94B1ABD23A62507001FC054;
			productRefGroup = B94B1AC723A62508001FC054 /* Products */;
			projectDirPath = "";
			projectRoot = "";
			targets = (
				B94B1AC523A62507001FC054 /* Dexter */,
				B94B1ADE23A6250D001FC054 /* DexterTests */,
				B94B1AE923A6250D001FC054 /* DexterUITests */,
			);
		};
/* End PBXProject section */

/* Begin PBXResourcesBuildPhase section */
		B94B1AC423A62507001FC054 /* Resources */ = {
			isa = PBXResourcesBuildPhase;
			buildActionMask = 2147483647;
			files = (
				B9A087BC2429F6D200ADC5E3 /* Podfile in Resources */,
				B915B0092452985A0025BFB2 /* SF-Pro-Display-MediumItalic.otf in Resources */,
				B94B1AD923A6250D001FC054 /* LaunchScreen.storyboard in Resources */,
				B94B1AD623A6250C001FC054 /* Assets.xcassets in Resources */,
				B97ADC5523FA8CA400AB27AE /* NewYorkExtraLarge-Semibold.otf in Resources */,
				B94AF31623A75416008BE764 /* GoogleService-Info.plist in Resources */,
				B97ADCC623FA8CE100AB27AE /* SF-Pro-Display-Semibold.otf in Resources */,
				B97ADCEB23FA8CE100AB27AE /* SF-Pro-Display-Heavy.otf in Resources */,
				B97ADCDB23FA8CE100AB27AE /* SF-Pro-Display-Medium.otf in Resources */,
				B915B007245296B30025BFB2 /* SF-Pro-Display-HeavyItalic.otf in Resources */,
				B97ADCCA23FA8CE100AB27AE /* SF-Pro-Display-RegularItalic.otf in Resources */,
				B97ADCE623FA8CE100AB27AE /* SF-Pro-Display-Regular.otf in Resources */,
				B97ADC5423FA8CA400AB27AE /* NewYorkMedium-Heavy.otf in Resources */,
				B94B1AD123A62508001FC054 /* Main.storyboard in Resources */,
				B915B00B245298740025BFB2 /* SF-Pro-Display-SemiboldItalic.otf in Resources */,
			);
			runOnlyForDeploymentPostprocessing = 0;
		};
		B94B1ADD23A6250D001FC054 /* Resources */ = {
			isa = PBXResourcesBuildPhase;
			buildActionMask = 2147483647;
			files = (
			);
			runOnlyForDeploymentPostprocessing = 0;
		};
		B94B1AE823A6250D001FC054 /* Resources */ = {
			isa = PBXResourcesBuildPhase;
			buildActionMask = 2147483647;
			files = (
			);
			runOnlyForDeploymentPostprocessing = 0;
		};
/* End PBXResourcesBuildPhase section */

/* Begin PBXShellScriptBuildPhase section */
		4BD494E3B57D2A8FE5FF072F /* [CP] Check Pods Manifest.lock */ = {
			isa = PBXShellScriptBuildPhase;
			buildActionMask = 2147483647;
			files = (
			);
			inputFileListPaths = (
			);
			inputPaths = (
				"${PODS_PODFILE_DIR_PATH}/Podfile.lock",
				"${PODS_ROOT}/Manifest.lock",
			);
			name = "[CP] Check Pods Manifest.lock";
			outputFileListPaths = (
			);
			outputPaths = (
				"$(DERIVED_FILE_DIR)/Pods-Dexter-checkManifestLockResult.txt",
			);
			runOnlyForDeploymentPostprocessing = 0;
			shellPath = /bin/sh;
			shellScript = "diff \"${PODS_PODFILE_DIR_PATH}/Podfile.lock\" \"${PODS_ROOT}/Manifest.lock\" > /dev/null\nif [ $? != 0 ] ; then\n    # print error to STDERR\n    echo \"error: The sandbox is not in sync with the Podfile.lock. Run 'pod install' or update your CocoaPods installation.\" >&2\n    exit 1\nfi\n# This output is used by Xcode 'outputs' to avoid re-running this script phase.\necho \"SUCCESS\" > \"${SCRIPT_OUTPUT_FILE_0}\"\n";
			showEnvVarsInLog = 0;
		};
		58C5068F69A6CAA13730CE0C /* [CP] Check Pods Manifest.lock */ = {
			isa = PBXShellScriptBuildPhase;
			buildActionMask = 2147483647;
			files = (
			);
			inputFileListPaths = (
			);
			inputPaths = (
				"${PODS_PODFILE_DIR_PATH}/Podfile.lock",
				"${PODS_ROOT}/Manifest.lock",
			);
			name = "[CP] Check Pods Manifest.lock";
			outputFileListPaths = (
			);
			outputPaths = (
				"$(DERIVED_FILE_DIR)/Pods-Dexter-DexterUITests-checkManifestLockResult.txt",
			);
			runOnlyForDeploymentPostprocessing = 0;
			shellPath = /bin/sh;
			shellScript = "diff \"${PODS_PODFILE_DIR_PATH}/Podfile.lock\" \"${PODS_ROOT}/Manifest.lock\" > /dev/null\nif [ $? != 0 ] ; then\n    # print error to STDERR\n    echo \"error: The sandbox is not in sync with the Podfile.lock. Run 'pod install' or update your CocoaPods installation.\" >&2\n    exit 1\nfi\n# This output is used by Xcode 'outputs' to avoid re-running this script phase.\necho \"SUCCESS\" > \"${SCRIPT_OUTPUT_FILE_0}\"\n";
			showEnvVarsInLog = 0;
		};
		6141512773DBC7AD9813F490 /* [CP] Embed Pods Frameworks */ = {
			isa = PBXShellScriptBuildPhase;
			buildActionMask = 2147483647;
			files = (
			);
			inputFileListPaths = (
				"${PODS_ROOT}/Target Support Files/Pods-Dexter-DexterUITests/Pods-Dexter-DexterUITests-frameworks-${CONFIGURATION}-input-files.xcfilelist",
			);
			name = "[CP] Embed Pods Frameworks";
			outputFileListPaths = (
				"${PODS_ROOT}/Target Support Files/Pods-Dexter-DexterUITests/Pods-Dexter-DexterUITests-frameworks-${CONFIGURATION}-output-files.xcfilelist",
			);
			runOnlyForDeploymentPostprocessing = 0;
			shellPath = /bin/sh;
			shellScript = "\"${PODS_ROOT}/Target Support Files/Pods-Dexter-DexterUITests/Pods-Dexter-DexterUITests-frameworks.sh\"\n";
			showEnvVarsInLog = 0;
		};
		62A8697A2852C9DE47EAF9C6 /* [CP] Copy Pods Resources */ = {
			isa = PBXShellScriptBuildPhase;
			buildActionMask = 2147483647;
			files = (
			);
			inputFileListPaths = (
				"${PODS_ROOT}/Target Support Files/Pods-Dexter-DexterUITests/Pods-Dexter-DexterUITests-resources-${CONFIGURATION}-input-files.xcfilelist",
			);
			name = "[CP] Copy Pods Resources";
			outputFileListPaths = (
				"${PODS_ROOT}/Target Support Files/Pods-Dexter-DexterUITests/Pods-Dexter-DexterUITests-resources-${CONFIGURATION}-output-files.xcfilelist",
			);
			runOnlyForDeploymentPostprocessing = 0;
			shellPath = /bin/sh;
			shellScript = "\"${PODS_ROOT}/Target Support Files/Pods-Dexter-DexterUITests/Pods-Dexter-DexterUITests-resources.sh\"\n";
			showEnvVarsInLog = 0;
		};
		B1FCB602562610F45016079A /* [CP] Check Pods Manifest.lock */ = {
			isa = PBXShellScriptBuildPhase;
			buildActionMask = 2147483647;
			files = (
			);
			inputFileListPaths = (
			);
			inputPaths = (
				"${PODS_PODFILE_DIR_PATH}/Podfile.lock",
				"${PODS_ROOT}/Manifest.lock",
			);
			name = "[CP] Check Pods Manifest.lock";
			outputFileListPaths = (
			);
			outputPaths = (
				"$(DERIVED_FILE_DIR)/Pods-DexterTests-checkManifestLockResult.txt",
			);
			runOnlyForDeploymentPostprocessing = 0;
			shellPath = /bin/sh;
			shellScript = "diff \"${PODS_PODFILE_DIR_PATH}/Podfile.lock\" \"${PODS_ROOT}/Manifest.lock\" > /dev/null\nif [ $? != 0 ] ; then\n    # print error to STDERR\n    echo \"error: The sandbox is not in sync with the Podfile.lock. Run 'pod install' or update your CocoaPods installation.\" >&2\n    exit 1\nfi\n# This output is used by Xcode 'outputs' to avoid re-running this script phase.\necho \"SUCCESS\" > \"${SCRIPT_OUTPUT_FILE_0}\"\n";
			showEnvVarsInLog = 0;
		};
		D81F5043FE1FEFC6F8D4BE4C /* [CP] Copy Pods Resources */ = {
			isa = PBXShellScriptBuildPhase;
			buildActionMask = 2147483647;
			files = (
			);
			inputFileListPaths = (
				"${PODS_ROOT}/Target Support Files/Pods-Dexter/Pods-Dexter-resources-${CONFIGURATION}-input-files.xcfilelist",
			);
			name = "[CP] Copy Pods Resources";
			outputFileListPaths = (
				"${PODS_ROOT}/Target Support Files/Pods-Dexter/Pods-Dexter-resources-${CONFIGURATION}-output-files.xcfilelist",
			);
			runOnlyForDeploymentPostprocessing = 0;
			shellPath = /bin/sh;
			shellScript = "\"${PODS_ROOT}/Target Support Files/Pods-Dexter/Pods-Dexter-resources.sh\"\n";
			showEnvVarsInLog = 0;
		};
		FC84ADD550DC7281D3A70849 /* [CP] Embed Pods Frameworks */ = {
			isa = PBXShellScriptBuildPhase;
			buildActionMask = 2147483647;
			files = (
			);
			inputFileListPaths = (
				"${PODS_ROOT}/Target Support Files/Pods-Dexter/Pods-Dexter-frameworks-${CONFIGURATION}-input-files.xcfilelist",
			);
			name = "[CP] Embed Pods Frameworks";
			outputFileListPaths = (
				"${PODS_ROOT}/Target Support Files/Pods-Dexter/Pods-Dexter-frameworks-${CONFIGURATION}-output-files.xcfilelist",
			);
			runOnlyForDeploymentPostprocessing = 0;
			shellPath = /bin/sh;
			shellScript = "\"${PODS_ROOT}/Target Support Files/Pods-Dexter/Pods-Dexter-frameworks.sh\"\n";
			showEnvVarsInLog = 0;
		};
/* End PBXShellScriptBuildPhase section */

/* Begin PBXSourcesBuildPhase section */
		B94B1AC223A62507001FC054 /* Sources */ = {
			isa = PBXSourcesBuildPhase;
			buildActionMask = 2147483647;
			files = (
				B915B00E2452E2910025BFB2 /* ChangePasswordViewController.swift in Sources */,
				B94AF30C23A63094008BE764 /* SignUpViewController.swift in Sources */,
				B91313F124496E030074F9C1 /* SidebarCell.swift in Sources */,
				B94AF31B23A8BB3C008BE764 /* Constants.swift in Sources */,
				B9EC9BD023FE9E9A00C26055 /* DiscoveryNavigationController.swift in Sources */,
				B94AF31923A8B942008BE764 /* Render.swift in Sources */,
				B9E58A13243E923600274A4E /* BluetoothManager.swift in Sources */,
				B918D47123D6A78F00864C94 /* UserContactCell.swift in Sources */,
				B915B0102454E8940025BFB2 /* AlertController.swift in Sources */,
				B9EC9BCA23FE845D00C26055 /* UserProfileViewController.swift in Sources */,
				B9E58A0F243D841E00274A4E /* TransferService.swift in Sources */,
				B92B0EB623FE3406008D1933 /* DisplayTextView.swift in Sources */,
				B9E58A15243E934900274A4E /* CoreBluetoothManager.swift in Sources */,
				B94B1ACA23A62508001FC054 /* AppDelegate.swift in Sources */,
				B94AF32423B81940008BE764 /* FirestoreSchema.swift in Sources */,
				B94AF30923A62FEA008BE764 /* SplashViewController.swift in Sources */,
				B94AF30723A62F1B008BE764 /* AuthenticationViewController.swift in Sources */,
				B9B548EE23D063D100D69C38 /* SceneDelegate.swift in Sources */,
				B94AF32023B818F4008BE764 /* DocumentSerializable.swift in Sources */,
				B94AF31223A63196008BE764 /* HomeViewController.swift in Sources */,
				B94AF31023A6311C008BE764 /* SignInViewController.swift in Sources */,
				B9370D1C2440658A00AD83D2 /* ViewControViewController.swift in Sources */,
				B955A05523DD500E0033AD51 /* Theme.swift in Sources */,
				B94AF31E23B59AAD008BE764 /* User.swift in Sources */,
				B9EB16CD23CDA16B00757817 /* DiscoveryToggleButton.swift in Sources */,
				B94B1AD423A62508001FC054 /* Dexter.xcdatamodeld in Sources */,
				B9285B642423368C0077F3BD /* MainTabBarController.swift in Sources */,
				B98148C124031D32005E0429 /* TableViewExtensions.swift in Sources */,
				B94AF30E23A630C4008BE764 /* AboutUserViewController.swift in Sources */,
				B969E8B423BB23CE0096AF29 /* UserModelController.swift in Sources */,
				B9285B60241463430077F3BD /* SocialHandlesViewController.swift in Sources */,
				B955A05323DD30BE0033AD51 /* SettingsViewController.swift in Sources */,
				B92686EC244BBEC40057A33E /* SidebarViewController.swift in Sources */,
				B9A087B82427F41000ADC5E3 /* SelectPhotoHelper.swift in Sources */,
			);
			runOnlyForDeploymentPostprocessing = 0;
		};
		B94B1ADB23A6250D001FC054 /* Sources */ = {
			isa = PBXSourcesBuildPhase;
			buildActionMask = 2147483647;
			files = (
				B94B1AE423A6250D001FC054 /* DexterTests.swift in Sources */,
			);
			runOnlyForDeploymentPostprocessing = 0;
		};
		B94B1AE623A6250D001FC054 /* Sources */ = {
			isa = PBXSourcesBuildPhase;
			buildActionMask = 2147483647;
			files = (
				B94B1AEF23A6250D001FC054 /* DexterUITests.swift in Sources */,
			);
			runOnlyForDeploymentPostprocessing = 0;
		};
/* End PBXSourcesBuildPhase section */

/* Begin PBXTargetDependency section */
		B94B1AE123A6250D001FC054 /* PBXTargetDependency */ = {
			isa = PBXTargetDependency;
			target = B94B1AC523A62507001FC054 /* Dexter */;
			targetProxy = B94B1AE023A6250D001FC054 /* PBXContainerItemProxy */;
		};
		B94B1AEC23A6250D001FC054 /* PBXTargetDependency */ = {
			isa = PBXTargetDependency;
			target = B94B1AC523A62507001FC054 /* Dexter */;
			targetProxy = B94B1AEB23A6250D001FC054 /* PBXContainerItemProxy */;
		};
/* End PBXTargetDependency section */

/* Begin PBXVariantGroup section */
		B94B1ACF23A62508001FC054 /* Main.storyboard */ = {
			isa = PBXVariantGroup;
			children = (
				B94B1AD023A62508001FC054 /* Base */,
			);
			name = Main.storyboard;
			sourceTree = "<group>";
		};
		B94B1AD723A6250C001FC054 /* LaunchScreen.storyboard */ = {
			isa = PBXVariantGroup;
			children = (
				B94B1AD823A6250C001FC054 /* Base */,
			);
			name = LaunchScreen.storyboard;
			sourceTree = "<group>";
		};
/* End PBXVariantGroup section */

/* Begin XCBuildConfiguration section */
		B94B1AF123A6250D001FC054 /* Debug */ = {
			isa = XCBuildConfiguration;
			buildSettings = {
				ALWAYS_SEARCH_USER_PATHS = NO;
				CLANG_ANALYZER_NONNULL = YES;
				CLANG_ANALYZER_NUMBER_OBJECT_CONVERSION = YES_AGGRESSIVE;
				CLANG_CXX_LANGUAGE_STANDARD = "gnu++14";
				CLANG_CXX_LIBRARY = "libc++";
				CLANG_ENABLE_MODULES = YES;
				CLANG_ENABLE_OBJC_ARC = YES;
				CLANG_ENABLE_OBJC_WEAK = YES;
				CLANG_WARN_BLOCK_CAPTURE_AUTORELEASING = YES;
				CLANG_WARN_BOOL_CONVERSION = YES;
				CLANG_WARN_COMMA = YES;
				CLANG_WARN_CONSTANT_CONVERSION = YES;
				CLANG_WARN_DEPRECATED_OBJC_IMPLEMENTATIONS = YES;
				CLANG_WARN_DIRECT_OBJC_ISA_USAGE = YES_ERROR;
				CLANG_WARN_DOCUMENTATION_COMMENTS = YES;
				CLANG_WARN_EMPTY_BODY = YES;
				CLANG_WARN_ENUM_CONVERSION = YES;
				CLANG_WARN_INFINITE_RECURSION = YES;
				CLANG_WARN_INT_CONVERSION = YES;
				CLANG_WARN_NON_LITERAL_NULL_CONVERSION = YES;
				CLANG_WARN_OBJC_IMPLICIT_RETAIN_SELF = YES;
				CLANG_WARN_OBJC_LITERAL_CONVERSION = YES;
				CLANG_WARN_OBJC_ROOT_CLASS = YES_ERROR;
				CLANG_WARN_RANGE_LOOP_ANALYSIS = YES;
				CLANG_WARN_STRICT_PROTOTYPES = YES;
				CLANG_WARN_SUSPICIOUS_MOVE = YES;
				CLANG_WARN_UNGUARDED_AVAILABILITY = YES_AGGRESSIVE;
				CLANG_WARN_UNREACHABLE_CODE = YES;
				CLANG_WARN__DUPLICATE_METHOD_MATCH = YES;
				COPY_PHASE_STRIP = NO;
				DEBUG_INFORMATION_FORMAT = dwarf;
				ENABLE_STRICT_OBJC_MSGSEND = YES;
				ENABLE_TESTABILITY = YES;
				GCC_C_LANGUAGE_STANDARD = gnu11;
				GCC_DYNAMIC_NO_PIC = NO;
				GCC_NO_COMMON_BLOCKS = YES;
				GCC_OPTIMIZATION_LEVEL = 0;
				GCC_PREPROCESSOR_DEFINITIONS = (
					"DEBUG=1",
					"$(inherited)",
				);
				GCC_WARN_64_TO_32_BIT_CONVERSION = YES;
				GCC_WARN_ABOUT_RETURN_TYPE = YES_ERROR;
				GCC_WARN_UNDECLARED_SELECTOR = YES;
				GCC_WARN_UNINITIALIZED_AUTOS = YES_AGGRESSIVE;
				GCC_WARN_UNUSED_FUNCTION = YES;
				GCC_WARN_UNUSED_VARIABLE = YES;
				IPHONEOS_DEPLOYMENT_TARGET = 13.2;
				MTL_ENABLE_DEBUG_INFO = INCLUDE_SOURCE;
				MTL_FAST_MATH = YES;
				ONLY_ACTIVE_ARCH = YES;
				SDKROOT = iphoneos;
				SWIFT_ACTIVE_COMPILATION_CONDITIONS = DEBUG;
				SWIFT_OPTIMIZATION_LEVEL = "-Onone";
			};
			name = Debug;
		};
		B94B1AF223A6250D001FC054 /* Release */ = {
			isa = XCBuildConfiguration;
			buildSettings = {
				ALWAYS_SEARCH_USER_PATHS = NO;
				CLANG_ANALYZER_NONNULL = YES;
				CLANG_ANALYZER_NUMBER_OBJECT_CONVERSION = YES_AGGRESSIVE;
				CLANG_CXX_LANGUAGE_STANDARD = "gnu++14";
				CLANG_CXX_LIBRARY = "libc++";
				CLANG_ENABLE_MODULES = YES;
				CLANG_ENABLE_OBJC_ARC = YES;
				CLANG_ENABLE_OBJC_WEAK = YES;
				CLANG_WARN_BLOCK_CAPTURE_AUTORELEASING = YES;
				CLANG_WARN_BOOL_CONVERSION = YES;
				CLANG_WARN_COMMA = YES;
				CLANG_WARN_CONSTANT_CONVERSION = YES;
				CLANG_WARN_DEPRECATED_OBJC_IMPLEMENTATIONS = YES;
				CLANG_WARN_DIRECT_OBJC_ISA_USAGE = YES_ERROR;
				CLANG_WARN_DOCUMENTATION_COMMENTS = YES;
				CLANG_WARN_EMPTY_BODY = YES;
				CLANG_WARN_ENUM_CONVERSION = YES;
				CLANG_WARN_INFINITE_RECURSION = YES;
				CLANG_WARN_INT_CONVERSION = YES;
				CLANG_WARN_NON_LITERAL_NULL_CONVERSION = YES;
				CLANG_WARN_OBJC_IMPLICIT_RETAIN_SELF = YES;
				CLANG_WARN_OBJC_LITERAL_CONVERSION = YES;
				CLANG_WARN_OBJC_ROOT_CLASS = YES_ERROR;
				CLANG_WARN_RANGE_LOOP_ANALYSIS = YES;
				CLANG_WARN_STRICT_PROTOTYPES = YES;
				CLANG_WARN_SUSPICIOUS_MOVE = YES;
				CLANG_WARN_UNGUARDED_AVAILABILITY = YES_AGGRESSIVE;
				CLANG_WARN_UNREACHABLE_CODE = YES;
				CLANG_WARN__DUPLICATE_METHOD_MATCH = YES;
				COPY_PHASE_STRIP = NO;
				DEBUG_INFORMATION_FORMAT = "dwarf-with-dsym";
				ENABLE_NS_ASSERTIONS = NO;
				ENABLE_STRICT_OBJC_MSGSEND = YES;
				GCC_C_LANGUAGE_STANDARD = gnu11;
				GCC_NO_COMMON_BLOCKS = YES;
				GCC_WARN_64_TO_32_BIT_CONVERSION = YES;
				GCC_WARN_ABOUT_RETURN_TYPE = YES_ERROR;
				GCC_WARN_UNDECLARED_SELECTOR = YES;
				GCC_WARN_UNINITIALIZED_AUTOS = YES_AGGRESSIVE;
				GCC_WARN_UNUSED_FUNCTION = YES;
				GCC_WARN_UNUSED_VARIABLE = YES;
				IPHONEOS_DEPLOYMENT_TARGET = 13.2;
				MTL_ENABLE_DEBUG_INFO = NO;
				MTL_FAST_MATH = YES;
				SDKROOT = iphoneos;
				SWIFT_COMPILATION_MODE = wholemodule;
				SWIFT_OPTIMIZATION_LEVEL = "-O";
				VALIDATE_PRODUCT = YES;
			};
			name = Release;
		};
		B94B1AF423A6250D001FC054 /* Debug */ = {
			isa = XCBuildConfiguration;
			baseConfigurationReference = E715ADBDEED75C04A2456CD5 /* Pods-Dexter.debug.xcconfig */;
			buildSettings = {
				ASSETCATALOG_COMPILER_APPICON_NAME = AppIcon;
				CODE_SIGN_ENTITLEMENTS = Dexter/Dexter.entitlements;
				CODE_SIGN_IDENTITY = "Apple Development";
				CODE_SIGN_STYLE = Automatic;
				DEVELOPMENT_TEAM = 74R563DASM;
				INFOPLIST_FILE = Dexter/Info.plist;
				LD_RUNPATH_SEARCH_PATHS = (
					"$(inherited)",
					"@executable_path/Frameworks",
				);
				PRODUCT_BUNDLE_IDENTIFIER = com.app.Dexter;
				PRODUCT_NAME = "$(TARGET_NAME)";
				PROVISIONING_PROFILE_SPECIFIER = "";
				SWIFT_OBJC_BRIDGING_HEADER = imports.h;
				SWIFT_OBJC_INTERFACE_HEADER_NAME = "$(SWIFT_MODULE_NAME)-Swift.h";
				SWIFT_VERSION = 5.0;
				TARGETED_DEVICE_FAMILY = "1,2";
			};
			name = Debug;
		};
		B94B1AF523A6250D001FC054 /* Release */ = {
			isa = XCBuildConfiguration;
			baseConfigurationReference = A9773E441D1366E90A15E6CC /* Pods-Dexter.release.xcconfig */;
			buildSettings = {
				ASSETCATALOG_COMPILER_APPICON_NAME = AppIcon;
				CODE_SIGN_ENTITLEMENTS = Dexter/Dexter.entitlements;
				CODE_SIGN_IDENTITY = "Apple Development";
				CODE_SIGN_STYLE = Automatic;
				DEVELOPMENT_TEAM = 74R563DASM;
				INFOPLIST_FILE = Dexter/Info.plist;
				LD_RUNPATH_SEARCH_PATHS = (
					"$(inherited)",
					"@executable_path/Frameworks",
				);
				PRODUCT_BUNDLE_IDENTIFIER = com.app.Dexter;
				PRODUCT_NAME = "$(TARGET_NAME)";
				PROVISIONING_PROFILE_SPECIFIER = "";
				SWIFT_OBJC_BRIDGING_HEADER = imports.h;
				SWIFT_OBJC_INTERFACE_HEADER_NAME = "$(SWIFT_MODULE_NAME)-Swift.h";
				SWIFT_VERSION = 5.0;
				TARGETED_DEVICE_FAMILY = "1,2";
			};
			name = Release;
		};
		B94B1AF723A6250D001FC054 /* Debug */ = {
			isa = XCBuildConfiguration;
			baseConfigurationReference = 120666297D6664C1CF435087 /* Pods-DexterTests.debug.xcconfig */;
			buildSettings = {
				ALWAYS_EMBED_SWIFT_STANDARD_LIBRARIES = YES;
				BUNDLE_LOADER = "$(TEST_HOST)";
				CODE_SIGN_STYLE = Automatic;
				INFOPLIST_FILE = DexterTests/Info.plist;
				IPHONEOS_DEPLOYMENT_TARGET = 13.2;
				LD_RUNPATH_SEARCH_PATHS = (
					"$(inherited)",
					"@executable_path/Frameworks",
					"@loader_path/Frameworks",
				);
				PRODUCT_BUNDLE_IDENTIFIER = com.app.DexterTests;
				PRODUCT_NAME = "$(TARGET_NAME)";
				SWIFT_VERSION = 5.0;
				TARGETED_DEVICE_FAMILY = "1,2";
				TEST_HOST = "$(BUILT_PRODUCTS_DIR)/Dexter.app/Dexter";
			};
			name = Debug;
		};
		B94B1AF823A6250D001FC054 /* Release */ = {
			isa = XCBuildConfiguration;
			baseConfigurationReference = 935E1A049854730B0EC1EA64 /* Pods-DexterTests.release.xcconfig */;
			buildSettings = {
				ALWAYS_EMBED_SWIFT_STANDARD_LIBRARIES = YES;
				BUNDLE_LOADER = "$(TEST_HOST)";
				CODE_SIGN_STYLE = Automatic;
				INFOPLIST_FILE = DexterTests/Info.plist;
				IPHONEOS_DEPLOYMENT_TARGET = 13.2;
				LD_RUNPATH_SEARCH_PATHS = (
					"$(inherited)",
					"@executable_path/Frameworks",
					"@loader_path/Frameworks",
				);
				PRODUCT_BUNDLE_IDENTIFIER = com.app.DexterTests;
				PRODUCT_NAME = "$(TARGET_NAME)";
				SWIFT_VERSION = 5.0;
				TARGETED_DEVICE_FAMILY = "1,2";
				TEST_HOST = "$(BUILT_PRODUCTS_DIR)/Dexter.app/Dexter";
			};
			name = Release;
		};
		B94B1AFA23A6250D001FC054 /* Debug */ = {
			isa = XCBuildConfiguration;
			baseConfigurationReference = D9C748D317196434FFC0918A /* Pods-Dexter-DexterUITests.debug.xcconfig */;
			buildSettings = {
				ALWAYS_EMBED_SWIFT_STANDARD_LIBRARIES = YES;
				CODE_SIGN_STYLE = Automatic;
				INFOPLIST_FILE = DexterUITests/Info.plist;
				LD_RUNPATH_SEARCH_PATHS = (
					"$(inherited)",
					"@executable_path/Frameworks",
					"@loader_path/Frameworks",
				);
				PRODUCT_BUNDLE_IDENTIFIER = com.app.DexterUITests;
				PRODUCT_NAME = "$(TARGET_NAME)";
				SWIFT_VERSION = 5.0;
				TARGETED_DEVICE_FAMILY = "1,2";
				TEST_TARGET_NAME = Dexter;
			};
			name = Debug;
		};
		B94B1AFB23A6250D001FC054 /* Release */ = {
			isa = XCBuildConfiguration;
			baseConfigurationReference = AAE5A4C925C2107F166030C0 /* Pods-Dexter-DexterUITests.release.xcconfig */;
			buildSettings = {
				ALWAYS_EMBED_SWIFT_STANDARD_LIBRARIES = YES;
				CODE_SIGN_STYLE = Automatic;
				INFOPLIST_FILE = DexterUITests/Info.plist;
				LD_RUNPATH_SEARCH_PATHS = (
					"$(inherited)",
					"@executable_path/Frameworks",
					"@loader_path/Frameworks",
				);
				PRODUCT_BUNDLE_IDENTIFIER = com.app.DexterUITests;
				PRODUCT_NAME = "$(TARGET_NAME)";
				SWIFT_VERSION = 5.0;
				TARGETED_DEVICE_FAMILY = "1,2";
				TEST_TARGET_NAME = Dexter;
			};
			name = Release;
		};
/* End XCBuildConfiguration section */

/* Begin XCConfigurationList section */
		B94B1AC123A62507001FC054 /* Build configuration list for PBXProject "Dexter" */ = {
			isa = XCConfigurationList;
			buildConfigurations = (
				B94B1AF123A6250D001FC054 /* Debug */,
				B94B1AF223A6250D001FC054 /* Release */,
			);
			defaultConfigurationIsVisible = 0;
			defaultConfigurationName = Release;
		};
		B94B1AF323A6250D001FC054 /* Build configuration list for PBXNativeTarget "Dexter" */ = {
			isa = XCConfigurationList;
			buildConfigurations = (
				B94B1AF423A6250D001FC054 /* Debug */,
				B94B1AF523A6250D001FC054 /* Release */,
			);
			defaultConfigurationIsVisible = 0;
			defaultConfigurationName = Release;
		};
		B94B1AF623A6250D001FC054 /* Build configuration list for PBXNativeTarget "DexterTests" */ = {
			isa = XCConfigurationList;
			buildConfigurations = (
				B94B1AF723A6250D001FC054 /* Debug */,
				B94B1AF823A6250D001FC054 /* Release */,
			);
			defaultConfigurationIsVisible = 0;
			defaultConfigurationName = Release;
		};
		B94B1AF923A6250D001FC054 /* Build configuration list for PBXNativeTarget "DexterUITests" */ = {
			isa = XCConfigurationList;
			buildConfigurations = (
				B94B1AFA23A6250D001FC054 /* Debug */,
				B94B1AFB23A6250D001FC054 /* Release */,
			);
			defaultConfigurationIsVisible = 0;
			defaultConfigurationName = Release;
		};
/* End XCConfigurationList section */

/* Begin XCVersionGroup section */
		B94B1AD223A62508001FC054 /* Dexter.xcdatamodeld */ = {
			isa = XCVersionGroup;
			children = (
				B94B1AD323A62508001FC054 /* Dexter.xcdatamodel */,
			);
			currentVersion = B94B1AD323A62508001FC054 /* Dexter.xcdatamodel */;
			path = Dexter.xcdatamodeld;
			sourceTree = "<group>";
			versionGroupType = wrapper.xcdatamodel;
		};
/* End XCVersionGroup section */
	};
	rootObject = B94B1ABE23A62507001FC054 /* Project object */;
}
